
Microsoft Visual Studio Solution File, Format Version 12.00
# Visual Studio 15
VisualStudioVersion = 15.0.35714.111
MinimumVisualStudioVersion = 10.0.40219.1
Project("{FAE04EC0-301F-11D3-BF4B-00C04F79EFBC}") = "DataBaseInformationSystem", "DataBaseInformationSystem\DataBaseInformationSystem.csproj", "{1B088493-03C1-403B-A803-3132159C7FE7}"
EndProject
Global
	GlobalSection(SolutionConfigurationPlatforms) = preSolution
		Debug|Any CPU = Debug|Any CPU
		Release|Any CPU = Release|Any CPU
	EndGlobalSection
	GlobalSection(ProjectConfigurationPlatforms) = postSolution
		{1B088493-03C1-403B-A803-3132159C7FE7}.Debug|Any CPU.ActiveCfg = Debug|Any CPU
		{1B088493-03C1-403B-A803-3132159C7FE7}.Debug|Any CPU.Build.0 = Debug|Any CPU
		{1B088493-03C1-403B-A803-3132159C7FE7}.Release|Any CPU.ActiveCfg = Release|Any CPU
		{1B088493-03C1-403B-A803-3132159C7FE7}.Release|Any CPU.Build.0 = Release|Any CPU
	EndGlobalSection
	GlobalSection(SolutionProperties) = preSolution
		HideSolutionNode = FALSE
	EndGlobalSection
	GlobalSection(ExtensibilityGlobals) = postSolution
		SolutionGuid = {0A532291-EFAE-4621-88B2-00555D16EE53}
	EndGlobalSection
EndGlobal
